
Microsoft Visual Studio Solution File, Format Version 12.00
# Visual Studio Version 16
VisualStudioVersion = 16.0.810.16
MinimumVisualStudioVersion = 10.0.40219.1
Project("{FAE04EC0-301F-11D3-BF4B-00C04F79EFBC}") = "PrintManager", "PrintManager.csproj", "{41AFADAF-DDE2-4CC4-BD8A-1F2FDF7D2CCE}"
EndProject
Global
	GlobalSection(SolutionConfigurationPlatforms) = preSolution
		Debug|Any CPU = Debug|Any CPU
		Release|Any CPU = Release|Any CPU
	EndGlobalSection
	GlobalSection(ProjectConfigurationPlatforms) = postSolution
		{41AFADAF-DDE2-4CC4-BD8A-1F2FDF7D2CCE}.Debug|Any CPU.ActiveCfg = Debug|Any CPU
		{41AFADAF-DDE2-4CC4-BD8A-1F2FDF7D2CCE}.Debug|Any CPU.Build.0 = Debug|Any CPU
		{41AFADAF-DDE2-4CC4-BD8A-1F2FDF7D2CCE}.Release|Any CPU.ActiveCfg = Release|Any CPU
		{41AFADAF-DDE2-4CC4-BD8A-1F2FDF7D2CCE}.Release|Any CPU.Build.0 = Release|Any CPU
	EndGlobalSection
	GlobalSection(SolutionProperties) = preSolution
		HideSolutionNode = FALSE
	EndGlobalSection
	GlobalSection(ExtensibilityGlobals) = postSolution
		SolutionGuid = {3C0FE375-3867-49E2-B09E-C57FF8919387}
	EndGlobalSection
EndGlobal
